
Microsoft Visual Studio Solution File, Format Version 12.00
# Visual Studio Version 16
VisualStudioVersion = 16.0.32002.261
MinimumVisualStudioVersion = 10.0.40219.1
Project("{FAE04EC0-301F-11D3-BF4B-00C04F79EFBC}") = "DepotManagementSystem", "DepotManagementSystem.csproj", "{48BDC01E-3348-428B-8598-58EBC9F19FBC}"
EndProject
Global
	GlobalSection(SolutionConfigurationPlatforms) = preSolution
		Debug|Any CPU = Debug|Any CPU
		Release|Any CPU = Release|Any CPU
	EndGlobalSection
	GlobalSection(ProjectConfigurationPlatforms) = postSolution
		{48BDC01E-3348-428B-8598-58EBC9F19FBC}.Debug|Any CPU.ActiveCfg = Debug|Any CPU
		{48BDC01E-3348-428B-8598-58EBC9F19FBC}.Debug|Any CPU.Build.0 = Debug|Any CPU
		{48BDC01E-3348-428B-8598-58EBC9F19FBC}.Release|Any CPU.ActiveCfg = Release|Any CPU
		{48BDC01E-3348-428B-8598-58EBC9F19FBC}.Release|Any CPU.Build.0 = Release|Any CPU
	EndGlobalSection
	GlobalSection(SolutionProperties) = preSolution
		HideSolutionNode = FALSE
	EndGlobalSection
	GlobalSection(ExtensibilityGlobals) = postSolution
		SolutionGuid = {A2514112-A9CA-4FE9-AFF7-6AB6071CEC97}
	EndGlobalSection
EndGlobal
